packages:
  architectural:
    content_hash: sha256:61e7f9cbed4a7e9d730ce9ead669ad928f99aa7e445c53e8d2f2f345bd9b9d02
    git: https://github.com/Appnova-EU-OU/warden-hub.git
    path: frames/architectural
    ref: 3fa13e49ac0a3b1ef11e180ea27f9465c8f968d9
  config:
    content_hash: sha256:187bf42366be08ae35812cbcb4c1cf162216a2834abf694135cf761dace530a6
    git: https://github.com/Appnova-EU-OU/warden-hub.git
    path: frames/config
    ref: 3fa13e49ac0a3b1ef11e180ea27f9465c8f968d9
  fuzz:
    content_hash: sha256:36c7bac77a1d881f1afa2ddf735e1bf13abadd933e3c93af365fbe1dc5754a76
    git: https://github.com/Appnova-EU-OU/warden-hub.git
    path: frames/fuzz
    ref: 3fa13e49ac0a3b1ef11e180ea27f9465c8f968d9
  gitchanges:
    content_hash: sha256:585b965e0ed5fbf92c6b97633a53f6cb83188563dab772233a83c0ba72845998
    git: https://github.com/Appnova-EU-OU/warden-hub.git
    path: frames/gitchanges
    ref: 3fa13e49ac0a3b1ef11e180ea27f9465c8f968d9
  orphan:
    content_hash: sha256:11f7a3df5be30751b7bc4b6b914b384db1f3d8d784cd4bace86238678f109343
    git: https://github.com/Appnova-EU-OU/warden-hub.git
    path: frames/orphan
    ref: 3fa13e49ac0a3b1ef11e180ea27f9465c8f968d9
  project_architecture:
    content_hash: sha256:6bc9308042743b95995b1cc438ed21ceda3fd39ccb312d0c86336067af456f5a
    git: https://github.com/Appnova-EU-OU/warden-hub.git
    path: frames/project_architecture
    ref: 3fa13e49ac0a3b1ef11e180ea27f9465c8f968d9
  property:
    content_hash: sha256:d8828557ba15a7b0b13532f2733b7f2783e30ff7bb02b676bdd635c09009569e
    git: https://github.com/Appnova-EU-OU/warden-hub.git
    path: frames/property
    ref: 3fa13e49ac0a3b1ef11e180ea27f9465c8f968d9
  resilience:
    content_hash: sha256:1b47a5b64f040cb333e64d1b65c5eff3d6475e8e7fe52fef23099f0e4d1856c4
    git: https://github.com/Appnova-EU-OU/warden-hub.git
    path: frames/resilience
    ref: 3fa13e49ac0a3b1ef11e180ea27f9465c8f968d9
  security:
    content_hash: sha256:c853a95140d046eb666cf9e6b3af0072283ff8706e03d9f30b56ea6bcfeec531
    git: https://github.com/Appnova-EU-OU/warden-hub.git
    path: frames/security
    ref: 3fa13e49ac0a3b1ef11e180ea27f9465c8f968d9
  stress:
    content_hash: sha256:bb2086a8364c920556aad5a78e56ccee14d38031997849c27c0fbbf9f8a48372
    git: https://github.com/Appnova-EU-OU/warden-hub.git
    path: frames/stress
    ref: 3fa13e49ac0a3b1ef11e180ea27f9465c8f968d9
